
Microsoft Visual Studio Solution File, Format Version 12.00
# Visual Studio Version 16
VisualStudioVersion = 16.0.31129.286
MinimumVisualStudioVersion = 10.0.40219.1
Project("{9A19103F-16F7-4668-BE54-9A1E7A4F7556}") = "MIDCOM Tax", "MIDCOM Tax.csproj", "{6F3E943D-1C66-4640-977C-D894FBD745A8}"
EndProject
Global
	GlobalSection(SolutionConfigurationPlatforms) = preSolution
		Debug|Any CPU = Debug|Any CPU
		Release|Any CPU = Release|Any CPU
	EndGlobalSection
	GlobalSection(ProjectConfigurationPlatforms) = postSolution
		{6F3E943D-1C66-4640-977C-D894FBD745A8}.Debug|Any CPU.ActiveCfg = Debug|Any CPU
		{6F3E943D-1C66-4640-977C-D894FBD745A8}.Debug|Any CPU.Build.0 = Debug|Any CPU
		{6F3E943D-1C66-4640-977C-D894FBD745A8}.Release|Any CPU.ActiveCfg = Release|Any CPU
		{6F3E943D-1C66-4640-977C-D894FBD745A8}.Release|Any CPU.Build.0 = Release|Any CPU
	EndGlobalSection
	GlobalSection(SolutionProperties) = preSolution
		HideSolutionNode = FALSE
	EndGlobalSection
	GlobalSection(ExtensibilityGlobals) = postSolution
		SolutionGuid = {F4F8A145-C516-4B60-957C-F290404FE936}
	EndGlobalSection
EndGlobal
